
Microsoft Visual Studio Solution File, Format Version 12.00
# Visual Studio Version 17
VisualStudioVersion = 17.6.33815.320
MinimumVisualStudioVersion = 10.0.40219.1
Project("{FAE04EC0-301F-11D3-BF4B-00C04F79EFBC}") = "01FirstProgram", "01FirstProgram\01FirstProgram.csproj", "{2A6D1B43-0CE1-46FE-BA6C-B89DBF220C39}"
EndProject
Global
	GlobalSection(SolutionConfigurationPlatforms) = preSolution
		Debug|Any CPU = Debug|Any CPU
		Release|Any CPU = Release|Any CPU
	EndGlobalSection
	GlobalSection(ProjectConfigurationPlatforms) = postSolution
		{2A6D1B43-0CE1-46FE-BA6C-B89DBF220C39}.Debug|Any CPU.ActiveCfg = Debug|Any CPU
		{2A6D1B43-0CE1-46FE-BA6C-B89DBF220C39}.Debug|Any CPU.Build.0 = Debug|Any CPU
		{2A6D1B43-0CE1-46FE-BA6C-B89DBF220C39}.Release|Any CPU.ActiveCfg = Release|Any CPU
		{2A6D1B43-0CE1-46FE-BA6C-B89DBF220C39}.Release|Any CPU.Build.0 = Release|Any CPU
	EndGlobalSection
	GlobalSection(SolutionProperties) = preSolution
		HideSolutionNode = FALSE
	EndGlobalSection
	GlobalSection(ExtensibilityGlobals) = postSolution
		SolutionGuid = {D56D5285-A9B3-4C90-9BC2-5E03F207B1FC}
	EndGlobalSection
EndGlobal
